# This file was autogenerated by Stack.
# You should not edit this file by hand.
# For more information, please see the documentation at:
#   https://docs.haskellstack.org/en/stable/lock_files

packages:
- completed:
    hackage: binary-0.8.9.1@sha256:81f468c1c75fd6535152ab69b2d32ac6cfcc03e345267b069abe4da56ec95801,6523
    pantry-tree:
      size: 1976
      sha256: 956ecd662408f69615977b87a92e042abcdc447b7824b8aabf5788c4393c10c5
  original:
    hackage: binary-0.8.9.1
- completed:
    hackage: bytestring-0.11.3.1@sha256:0cc97b237df9a34d12de37973ad306391e24b0c262387c4d846bb8d1d65699dd,7339
    pantry-tree:
      size: 3946
      sha256: c0097091b5524b6ddb060829e06d44b321436052b4fcfb137c1ee5052c1d666b
  original:
    hackage: bytestring-0.11.3.1
- completed:
    hackage: exceptions-0.10.5@sha256:b2c634a95ba2a68e0df3ae67d006f0dabb02edbe4dc77b321133551e308ca047,2832
    pantry-tree:
      size: 738
      sha256: 55b1a4123104e57b5e72b1c5354408807beded8a52ff1900521fed7007812715
  original:
    hackage: exceptions-0.10.5
- completed:
    hackage: parsec-3.1.15.1@sha256:8c7a36aaadff12a38817fc3c4ff6c87e3352cffd1a58df640de7ed7a97ad8fa3,4601
    pantry-tree:
      size: 2630
      sha256: 147ad21b8aa90273721903a6b294cc4ecd660d229d88c4e84c6275bc5d630ae6
  original:
    hackage: parsec-3.1.15.1
- completed:
    hackage: text-2.0.1@sha256:907ecca6d20c42dafceb709ebac546f5d72e8b7dda3c39b286888c2f09e3bad8,9262
    pantry-tree:
      size: 7359
      sha256: 2a661574e5663d733c08f4c34e1bdaaa9fd530be551aef0db99f1689541839c8
  original:
    hackage: text-2.0.1
- completed:
    hackage: unix-2.7.3@sha256:20079c504d0ca33fbf11de3a215d25220c8d43499a93049a8f2791323f3bd57b,6047
    pantry-tree:
      size: 4485
      sha256: a7b72595b7b7c56c23faef6a6bb27bc18b040c675c457117623d413a9e7444b8
  original:
    hackage: unix-2.7.3
- completed:
    hackage: process-1.6.15.0@sha256:04df32d9497add5f0b90a27a3eceffa4bad5c2f41d038bd12ed6efc454db3faf,2845
    pantry-tree:
      size: 1545
      sha256: 291f5800ffb87af7ed910582ae0ec00ef9ffab0643ed62c36fcfe58c52e90a24
  original:
    hackage: process-1.6.15.0
- completed:
    hackage: hpc-0.6.0.3@sha256:de3f7982345d315f1d7713df38b4f2cf09bd274f7d64dffec0cf2a0d9c8aab19,1185
    pantry-tree:
      size: 432
      sha256: 4686c367eb25eb4d32d66bd4c080d6caa2b5e78c73beea3993db690137e1d6cb
  original:
    hackage: hpc-0.6.0.3
snapshots:
- completed:
    size: 628888
    url: https://raw.githubusercontent.com/commercialhaskell/stackage-snapshots/master/nightly/2022/8/4.yaml
    sha256: 656fa7a1ff5ddd147cce5a0aabd6fd70255f2ac60fd1294a1228b00a19b1731f
  original: nightly-2022-08-04
